PODS:
  - FlutterMacOS (1.0.0)
  - Protobuf (3.29.6)
  - reactive_ble_mobile (0.0.1):
    - Flutter
    - FlutterMacOS
    - Protobuf (~> 3.5)
    - SwiftProtobuf (~> 1.0)
  - SwiftProtobuf (1.38.1)
  - webview_flutter_wkwebview (0.0.1):
    - Flutter
    - FlutterMacOS

DEPENDENCIES:
  - FlutterMacOS (from `Flutter/ephemeral`)
  - reactive_ble_mobile (from `Flutter/ephemeral/.symlinks/plugins/reactive_ble_mobile/darwin`)
  - webview_flutter_wkwebview (from `Flutter/ephemeral/.symlinks/plugins/webview_flutter_wkwebview/darwin`)

SPEC REPOS:
  trunk:
    - Protobuf
    - SwiftProtobuf

EXTERNAL SOURCES:
  FlutterMacOS:
    :path: Flutter/ephemeral
  reactive_ble_mobile:
    :path: Flutter/ephemeral/.symlinks/plugins/reactive_ble_mobile/darwin
  webview_flutter_wkwebview:
    :path: Flutter/ephemeral/.symlinks/plugins/webview_flutter_wkwebview/darwin

SPEC CHECKSUMS:
  FlutterMacOS: d0db08ddef1a9af05a5ec4b724367152bb0500b1
  Protobuf: 8d5596f7468be5400861a6bbfb2dfe9d0d1cde34
  reactive_ble_mobile: c6a561a56b81d802642823cd3455a6dee24629d7
  SwiftProtobuf: 409d3aaec90e51b1705b1dd8065b56893450e77c
  webview_flutter_wkwebview: 8ebf4fded22593026f7dbff1fbff31ea98573c8d

PODFILE CHECKSUM: 54d867c82ac51cbd61b565781b9fada492027009

COCOAPODS: 1.16.2
